
Microsoft Visual Studio Solution File, Format Version 12.00
# Visual Studio Version 17
VisualStudioVersion = 17.5.002.0
MinimumVisualStudioVersion = 10.0.40219.1
Project("{9A19103F-16F7-4668-BE54-9A1E7A4F7556}") = "APIVersionDemo", "APIVersionDemo.csproj", "{4DADAF39-02AE-4DC9-8990-93DA5EA021A9}"
EndProject
Global
	GlobalSection(SolutionConfigurationPlatforms) = preSolution
		Debug|Any CPU = Debug|Any CPU
		Release|Any CPU = Release|Any CPU
	EndGlobalSection
	GlobalSection(ProjectConfigurationPlatforms) = postSolution
		{4DADAF39-02AE-4DC9-8990-93DA5EA021A9}.Debug|Any CPU.ActiveCfg = Debug|Any CPU
		{4DADAF39-02AE-4DC9-8990-93DA5EA021A9}.Debug|Any CPU.Build.0 = Debug|Any CPU
		{4DADAF39-02AE-4DC9-8990-93DA5EA021A9}.Release|Any CPU.ActiveCfg = Release|Any CPU
		{4DADAF39-02AE-4DC9-8990-93DA5EA021A9}.Release|Any CPU.Build.0 = Release|Any CPU
	EndGlobalSection
	GlobalSection(SolutionProperties) = preSolution
		HideSolutionNode = FALSE
	EndGlobalSection
	GlobalSection(ExtensibilityGlobals) = postSolution
		SolutionGuid = {AA47B6AA-1616-4883-97C5-2FFBAF39E4DB}
	EndGlobalSection
EndGlobal
